
Microsoft Visual Studio Solution File, Format Version 12.00
# Visual Studio Version 17
VisualStudioVersion = 17.14.36414.22 d17.14
MinimumVisualStudioVersion = 10.0.40219.1
Project("{FAE04EC0-301F-11D3-BF4B-00C04F79EFBC}") = "AdventureGame.Cli", "AdventureGame.Cli.csproj", "{42CE5F75-DACE-4D8C-9050-ABF99E5B6030}"
EndProject
Project("{FAE04EC0-301F-11D3-BF4B-00C04F79EFBC}") = "AdventureGame.Core", "..\AdventureGame.Core\AdventureGame.Core.csproj", "{54FD74A5-A0C4-4A51-94A4-2ADC6D30ED24}"
EndProject
Global
	GlobalSection(SolutionConfigurationPlatforms) = preSolution
		Debug|Any CPU = Debug|Any CPU
		Release|Any CPU = Release|Any CPU
	EndGlobalSection
	GlobalSection(ProjectConfigurationPlatforms) = postSolution
		{42CE5F75-DACE-4D8C-9050-ABF99E5B6030}.Debug|Any CPU.ActiveCfg = Debug|Any CPU
		{42CE5F75-DACE-4D8C-9050-ABF99E5B6030}.Debug|Any CPU.Build.0 = Debug|Any CPU
		{42CE5F75-DACE-4D8C-9050-ABF99E5B6030}.Release|Any CPU.ActiveCfg = Release|Any CPU
		{42CE5F75-DACE-4D8C-9050-ABF99E5B6030}.Release|Any CPU.Build.0 = Release|Any CPU
		{54FD74A5-A0C4-4A51-94A4-2ADC6D30ED24}.Debug|Any CPU.ActiveCfg = Debug|Any CPU
		{54FD74A5-A0C4-4A51-94A4-2ADC6D30ED24}.Debug|Any CPU.Build.0 = Debug|Any CPU
		{54FD74A5-A0C4-4A51-94A4-2ADC6D30ED24}.Release|Any CPU.ActiveCfg = Release|Any CPU
		{54FD74A5-A0C4-4A51-94A4-2ADC6D30ED24}.Release|Any CPU.Build.0 = Release|Any CPU
	EndGlobalSection
	GlobalSection(SolutionProperties) = preSolution
		HideSolutionNode = FALSE
	EndGlobalSection
	GlobalSection(ExtensibilityGlobals) = postSolution
		SolutionGuid = {7F7B6B32-22CB-4388-ACA3-5BBA4B93F3FE}
	EndGlobalSection
EndGlobal
